// !$*UTF8*$!
{
	archiveVersion = 1;
	classes = {
	};
	objectVersion = 50;
	objects = {

/* Begin PBXBuildFile section */
		150E616C23266F4B00AD26CF /* AppDelegate.swift in Sources */ = {isa = PBXBuildFile; fileRef = 150E616B23266F4B00AD26CF /* AppDelegate.swift */; };
		150E616E23266F4B00AD26CF /* ViewController.swift in Sources */ = {isa = PBXBuildFile; fileRef = 150E616D23266F4B00AD26CF /* ViewController.swift */; };
		150E617123266F4B00AD26CF /* Main.storyboard in Resources */ = {isa = PBXBuildFile; fileRef = 150E616F23266F4B00AD26CF /* Main.storyboard */; };
		150E617323266F4D00AD26CF /* Assets.xcassets in Resources */ = {isa = PBXBuildFile; fileRef = 150E617223266F4D00AD26CF /* Assets.xcassets */; };
		150E617623266F4D00AD26CF /* LaunchScreen.storyboard in Resources */ = {isa = PBXBuildFile; fileRef = 150E617423266F4D00AD26CF /* LaunchScreen.storyboard */; };
		150E617F2326711800AD26CF /* blockchain.json in Resources */ = {isa = PBXBuildFile; fileRef = 150E617E2326711800AD26CF /* blockchain.json */; };
		150E618823267ADA00AD26CF /* moya_template.stencil in Resources */ = {isa = PBXBuildFile; fileRef = 150E618623267ADA00AD26CF /* moya_template.stencil */; };
		150E618923267ADA00AD26CF /* model_template.stencil in Resources */ = {isa = PBXBuildFile; fileRef = 150E618723267ADA00AD26CF /* model_template.stencil */; };
/* End PBXBuildFile section */

/* Begin PBXFileReference section */
		150E616823266F4B00AD26CF /* Example.app */ = {isa = PBXFileReference; explicitFileType = wrapper.application; includeInIndex = 0; path = Example.app; sourceTree = BUILT_PRODUCTS_DIR; };
		150E616B23266F4B00AD26CF /* AppDelegate.swift */ = {isa = PBXFileReference; lastKnownFileType = sourcecode.swift; path = AppDelegate.swift; sourceTree = "<group>"; };
		150E616D23266F4B00AD26CF /* ViewController.swift */ = {isa = PBXFileReference; lastKnownFileType = sourcecode.swift; path = ViewController.swift; sourceTree = "<group>"; };
		150E617023266F4B00AD26CF /* Base */ = {isa = PBXFileReference; lastKnownFileType = file.storyboard; name = Base; path = Base.lproj/Main.storyboard; sourceTree = "<group>"; };
		150E617223266F4D00AD26CF /* Assets.xcassets */ = {isa = PBXFileReference; lastKnownFileType = folder.assetcatalog; path = Assets.xcassets; sourceTree = "<group>"; };
		150E617523266F4D00AD26CF /* Base */ = {isa = PBXFileReference; lastKnownFileType = file.storyboard; name = Base; path = Base.lproj/LaunchScreen.storyboard; sourceTree = "<group>"; };
		150E617723266F4D00AD26CF /* Info.plist */ = {isa = PBXFileReference; lastKnownFileType = text.plist.xml; path = Info.plist; sourceTree = "<group>"; };
		150E617E2326711800AD26CF /* blockchain.json */ = {isa = PBXFileReference; fileEncoding = 4; lastKnownFileType = text.json; path = blockchain.json; sourceTree = "<group>"; };
		150E618623267ADA00AD26CF /* moya_template.stencil */ = {isa = PBXFileReference; fileEncoding = 4; lastKnownFileType = text; path = moya_template.stencil; sourceTree = "<group>"; };
		150E618723267ADA00AD26CF /* model_template.stencil */ = {isa = PBXFileReference; fileEncoding = 4; lastKnownFileType = text; path = model_template.stencil; sourceTree = "<group>"; };
/* End PBXFileReference section */

/* Begin PBXFrameworksBuildPhase section */
		150E616523266F4B00AD26CF /* Frameworks */ = {
			isa = PBXFrameworksBuildPhase;
			buildActionMask = 2147483647;
			files = (
			);
			runOnlyForDeploymentPostprocessing = 0;
		};
/* End PBXFrameworksBuildPhase section */

/* Begin PBXGroup section */
		150E615F23266F4B00AD26CF = {
			isa = PBXGroup;
			children = (
				150E616A23266F4B00AD26CF /* Example */,
				150E616923266F4B00AD26CF /* Products */,
			);
			sourceTree = "<group>";
		};
		150E616923266F4B00AD26CF /* Products */ = {
			isa = PBXGroup;
			children = (
				150E616823266F4B00AD26CF /* Example.app */,
			);
			name = Products;
			sourceTree = "<group>";
		};
		150E616A23266F4B00AD26CF /* Example */ = {
			isa = PBXGroup;
			children = (
				150E618523267ADA00AD26CF /* template */,
				150E617E2326711800AD26CF /* blockchain.json */,
				150E616B23266F4B00AD26CF /* AppDelegate.swift */,
				150E616D23266F4B00AD26CF /* ViewController.swift */,
				150E616F23266F4B00AD26CF /* Main.storyboard */,
				150E617223266F4D00AD26CF /* Assets.xcassets */,
				150E617423266F4D00AD26CF /* LaunchScreen.storyboard */,
				150E617723266F4D00AD26CF /* Info.plist */,
			);
			path = Example;
			sourceTree = "<group>";
		};
		150E618523267ADA00AD26CF /* template */ = {
			isa = PBXGroup;
			children = (
				150E618623267ADA00AD26CF /* moya_template.stencil */,
				150E618723267ADA00AD26CF /* model_template.stencil */,
			);
			path = template;
			sourceTree = "<group>";
		};
/* End PBXGroup section */

/* Begin PBXNativeTarget section */
		150E616723266F4B00AD26CF /* Example */ = {
			isa = PBXNativeTarget;
			buildConfigurationList = 150E617A23266F4D00AD26CF /* Build configuration list for PBXNativeTarget "Example" */;
			buildPhases = (
				150E617D23266F6F00AD26CF /* ShellScript */,
				150E616423266F4B00AD26CF /* Sources */,
				150E616523266F4B00AD26CF /* Frameworks */,
				150E616623266F4B00AD26CF /* Resources */,
			);
			buildRules = (
			);
			dependencies = (
			);
			name = Example;
			productName = Example;
			productReference = 150E616823266F4B00AD26CF /* Example.app */;
			productType = "com.apple.product-type.application";
		};
/* End PBXNativeTarget section */

/* Begin PBXProject section */
		150E616023266F4B00AD26CF /* Project object */ = {
			isa = PBXProject;
			attributes = {
				LastSwiftUpdateCheck = 1030;
				LastUpgradeCheck = 1030;
				ORGANIZATIONNAME = lmcmz;
				TargetAttributes = {
					150E616723266F4B00AD26CF = {
						CreatedOnToolsVersion = 10.3;
					};
				};
			};
			buildConfigurationList = 150E616323266F4B00AD26CF /* Build configuration list for PBXProject "Example" */;
			compatibilityVersion = "Xcode 9.3";
			developmentRegion = en;
			hasScannedForEncodings = 0;
			knownRegions = (
				en,
				Base,
			);
			mainGroup = 150E615F23266F4B00AD26CF;
			productRefGroup = 150E616923266F4B00AD26CF /* Products */;
			projectDirPath = "";
			projectRoot = "";
			targets = (
				150E616723266F4B00AD26CF /* Example */,
			);
		};
/* End PBXProject section */

/* Begin PBXResourcesBuildPhase section */
		150E616623266F4B00AD26CF /* Resources */ = {
			isa = PBXResourcesBuildPhase;
			buildActionMask = 2147483647;
			files = (
				150E618923267ADA00AD26CF /* model_template.stencil in Resources */,
				150E617623266F4D00AD26CF /* LaunchScreen.storyboard in Resources */,
				150E617F2326711800AD26CF /* blockchain.json in Resources */,
				150E618823267ADA00AD26CF /* moya_template.stencil in Resources */,
				150E617323266F4D00AD26CF /* Assets.xcassets in Resources */,
				150E617123266F4B00AD26CF /* Main.storyboard in Resources */,
			);
			runOnlyForDeploymentPostprocessing = 0;
		};
/* End PBXResourcesBuildPhase section */

/* Begin PBXShellScriptBuildPhase section */
		150E617D23266F6F00AD26CF /* ShellScript */ = {
			isa = PBXShellScriptBuildPhase;
			buildActionMask = 2147483647;
			files = (
			);
			inputFileListPaths = (
			);
			inputPaths = (
			);
			outputFileListPaths = (
			);
			outputPaths = (
			);
			runOnlyForDeploymentPostprocessing = 0;
			shellPath = /bin/sh;
			shellScript = "# Type a script or drag a script file from your workspace to insert its path.\n\"${BUILD_DIR}/Debug/MoyaCodgen\" generate \"${SRCROOT}/Example/blockchain.json\" \"${SRCROOT}\"\n";
		};
/* End PBXShellScriptBuildPhase section */

/* Begin PBXSourcesBuildPhase section */
		150E616423266F4B00AD26CF /* Sources */ = {
			isa = PBXSourcesBuildPhase;
			buildActionMask = 2147483647;
			files = (
				150E616E23266F4B00AD26CF /* ViewController.swift in Sources */,
				150E616C23266F4B00AD26CF /* AppDelegate.swift in Sources */,
			);
			runOnlyForDeploymentPostprocessing = 0;
		};
/* End PBXSourcesBuildPhase section */

/* Begin PBXVariantGroup section */
		150E616F23266F4B00AD26CF /* Main.storyboard */ = {
			isa = PBXVariantGroup;
			children = (
				150E617023266F4B00AD26CF /* Base */,
			);
			name = Main.storyboard;
			sourceTree = "<group>";
		};
		150E617423266F4D00AD26CF /* LaunchScreen.storyboard */ = {
			isa = PBXVariantGroup;
			children = (
				150E617523266F4D00AD26CF /* Base */,
			);
			name = LaunchScreen.storyboard;
			sourceTree = "<group>";
		};
/* End PBXVariantGroup section */

/* Begin XCBuildConfiguration section */
		150E617823266F4D00AD26CF /* Debug */ = {
			isa = XCBuildConfiguration;
			buildSettings = {
				ALWAYS_SEARCH_USER_PATHS = NO;
				CLANG_ANALYZER_NONNULL = YES;
				CLANG_ANALYZER_NUMBER_OBJECT_CONVERSION = YES_AGGRESSIVE;
				CLANG_CXX_LANGUAGE_STANDARD = "gnu++14";
				CLANG_CXX_LIBRARY = "libc++";
				CLANG_ENABLE_MODULES = YES;
				CLANG_ENABLE_OBJC_ARC = YES;
				CLANG_ENABLE_OBJC_WEAK = YES;
				CLANG_WARN_BLOCK_CAPTURE_AUTORELEASING = YES;
				CLANG_WARN_BOOL_CONVERSION = YES;
				CLANG_WARN_COMMA = YES;
				CLANG_WARN_CONSTANT_CONVERSION = YES;
				CLANG_WARN_DEPRECATED_OBJC_IMPLEMENTATIONS = YES;
				CLANG_WARN_DIRECT_OBJC_ISA_USAGE = YES_ERROR;
				CLANG_WARN_DOCUMENTATION_COMMENTS = YES;
				CLANG_WARN_EMPTY_BODY = YES;
				CLANG_WARN_ENUM_CONVERSION = YES;
				CLANG_WARN_INFINITE_RECURSION = YES;
				CLANG_WARN_INT_CONVERSION = YES;
				CLANG_WARN_NON_LITERAL_NULL_CONVERSION = YES;
				CLANG_WARN_OBJC_IMPLICIT_RETAIN_SELF = YES;
				CLANG_WARN_OBJC_LITERAL_CONVERSION = YES;
				CLANG_WARN_OBJC_ROOT_CLASS = YES_ERROR;
				CLANG_WARN_RANGE_LOOP_ANALYSIS = YES;
				CLANG_WARN_STRICT_PROTOTYPES = YES;
				CLANG_WARN_SUSPICIOUS_MOVE = YES;
				CLANG_WARN_UNGUARDED_AVAILABILITY = YES_AGGRESSIVE;
				CLANG_WARN_UNREACHABLE_CODE = YES;
				CLANG_WARN__DUPLICATE_METHOD_MATCH = YES;
				CODE_SIGN_IDENTITY = "iPhone Developer";
				COPY_PHASE_STRIP = NO;
				DEBUG_INFORMATION_FORMAT = dwarf;
				ENABLE_STRICT_OBJC_MSGSEND = YES;
				ENABLE_TESTABILITY = YES;
				GCC_C_LANGUAGE_STANDARD = gnu11;
				GCC_DYNAMIC_NO_PIC = NO;
				GCC_NO_COMMON_BLOCKS = YES;
				GCC_OPTIMIZATION_LEVEL = 0;
				GCC_PREPROCESSOR_DEFINITIONS = (
					"DEBUG=1",
					"$(inherited)",
				);
				GCC_WARN_64_TO_32_BIT_CONVERSION = YES;
				GCC_WARN_ABOUT_RETURN_TYPE = YES_ERROR;
				GCC_WARN_UNDECLARED_SELECTOR = YES;
				GCC_WARN_UNINITIALIZED_AUTOS = YES_AGGRESSIVE;
				GCC_WARN_UNUSED_FUNCTION = YES;
				GCC_WARN_UNUSED_VARIABLE = YES;
				IPHONEOS_DEPLOYMENT_TARGET = 12.4;
				MTL_ENABLE_DEBUG_INFO = INCLUDE_SOURCE;
				MTL_FAST_MATH = YES;
				ONLY_ACTIVE_ARCH = YES;
				SDKROOT = iphoneos;
				SWIFT_ACTIVE_COMPILATION_CONDITIONS = DEBUG;
				SWIFT_OPTIMIZATION_LEVEL = "-Onone";
			};
			name = Debug;
		};
		150E617923266F4D00AD26CF /* Release */ = {
			isa = XCBuildConfiguration;
			buildSettings = {
				ALWAYS_SEARCH_USER_PATHS = NO;
				CLANG_ANALYZER_NONNULL = YES;
				CLANG_ANALYZER_NUMBER_OBJECT_CONVERSION = YES_AGGRESSIVE;
				CLANG_CXX_LANGUAGE_STANDARD = "gnu++14";
				CLANG_CXX_LIBRARY = "libc++";
				CLANG_ENABLE_MODULES = YES;
				CLANG_ENABLE_OBJC_ARC = YES;
				CLANG_ENABLE_OBJC_WEAK = YES;
				CLANG_WARN_BLOCK_CAPTURE_AUTORELEASING = YES;
				CLANG_WARN_BOOL_CONVERSION = YES;
				CLANG_WARN_COMMA = YES;
				CLANG_WARN_CONSTANT_CONVERSION = YES;
				CLANG_WARN_DEPRECATED_OBJC_IMPLEMENTATIONS = YES;
				CLANG_WARN_DIRECT_OBJC_ISA_USAGE = YES_ERROR;
				CLANG_WARN_DOCUMENTATION_COMMENTS = YES;
				CLANG_WARN_EMPTY_BODY = YES;
				CLANG_WARN_ENUM_CONVERSION = YES;
				CLANG_WARN_INFINITE_RECURSION = YES;
				CLANG_WARN_INT_CONVERSION = YES;
				CLANG_WARN_NON_LITERAL_NULL_CONVERSION = YES;
				CLANG_WARN_OBJC_IMPLICIT_RETAIN_SELF = YES;
				CLANG_WARN_OBJC_LITERAL_CONVERSION = YES;
				CLANG_WARN_OBJC_ROOT_CLASS = YES_ERROR;
				CLANG_WARN_RANGE_LOOP_ANALYSIS = YES;
				CLANG_WARN_STRICT_PROTOTYPES = YES;
				CLANG_WARN_SUSPICIOUS_MOVE = YES;
				CLANG_WARN_UNGUARDED_AVAILABILITY = YES_AGGRESSIVE;
				CLANG_WARN_UNREACHABLE_CODE = YES;
				CLANG_WARN__DUPLICATE_METHOD_MATCH = YES;
				CODE_SIGN_IDENTITY = "iPhone Developer";
				COPY_PHASE_STRIP = NO;
				DEBUG_INFORMATION_FORMAT = "dwarf-with-dsym";
				ENABLE_NS_ASSERTIONS = NO;
				ENABLE_STRICT_OBJC_MSGSEND = YES;
				GCC_C_LANGUAGE_STANDARD = gnu11;
				GCC_NO_COMMON_BLOCKS = YES;
				GCC_WARN_64_TO_32_BIT_CONVERSION = YES;
				GCC_WARN_ABOUT_RETURN_TYPE = YES_ERROR;
				GCC_WARN_UNDECLARED_SELECTOR = YES;
				GCC_WARN_UNINITIALIZED_AUTOS = YES_AGGRESSIVE;
				GCC_WARN_UNUSED_FUNCTION = YES;
				GCC_WARN_UNUSED_VARIABLE = YES;
				IPHONEOS_DEPLOYMENT_TARGET = 12.4;
				MTL_ENABLE_DEBUG_INFO = NO;
				MTL_FAST_MATH = YES;
				SDKROOT = iphoneos;
				SWIFT_COMPILATION_MODE = wholemodule;
				SWIFT_OPTIMIZATION_LEVEL = "-O";
				VALIDATE_PRODUCT = YES;
			};
			name = Release;
		};
		150E617B23266F4D00AD26CF /* Debug */ = {
			isa = XCBuildConfiguration;
			buildSettings = {
				ASSETCATALOG_COMPILER_APPICON_NAME = AppIcon;
				CODE_SIGN_STYLE = Automatic;
				DEVELOPMENT_TEAM = 47Q6KQQW55;
				INFOPLIST_FILE = Example/Info.plist;
				LD_RUNPATH_SEARCH_PATHS = (
					"$(inherited)",
					"@executable_path/Frameworks",
				);
				PRODUCT_BUNDLE_IDENTIFIER = com.lmcmz.Example;
				PRODUCT_NAME = "$(TARGET_NAME)";
				SWIFT_VERSION = 5.0;
				TARGETED_DEVICE_FAMILY = "1,2";
			};
			name = Debug;
		};
		150E617C23266F4D00AD26CF /* Release */ = {
			isa = XCBuildConfiguration;
			buildSettings = {
				ASSETCATALOG_COMPILER_APPICON_NAME = AppIcon;
				CODE_SIGN_STYLE = Automatic;
				DEVELOPMENT_TEAM = 47Q6KQQW55;
				INFOPLIST_FILE = Example/Info.plist;
				LD_RUNPATH_SEARCH_PATHS = (
					"$(inherited)",
					"@executable_path/Frameworks",
				);
				PRODUCT_BUNDLE_IDENTIFIER = com.lmcmz.Example;
				PRODUCT_NAME = "$(TARGET_NAME)";
				SWIFT_VERSION = 5.0;
				TARGETED_DEVICE_FAMILY = "1,2";
			};
			name = Release;
		};
/* End XCBuildConfiguration section */

/* Begin XCConfigurationList section */
		150E616323266F4B00AD26CF /* Build configuration list for PBXProject "Example" */ = {
			isa = XCConfigurationList;
			buildConfigurations = (
				150E617823266F4D00AD26CF /* Debug */,
				150E617923266F4D00AD26CF /* Release */,
			);
			defaultConfigurationIsVisible = 0;
			defaultConfigurationName = Release;
		};
		150E617A23266F4D00AD26CF /* Build configuration list for PBXNativeTarget "Example" */ = {
			isa = XCConfigurationList;
			buildConfigurations = (
				150E617B23266F4D00AD26CF /* Debug */,
				150E617C23266F4D00AD26CF /* Release */,
			);
			defaultConfigurationIsVisible = 0;
			defaultConfigurationName = Release;
		};
/* End XCConfigurationList section */
	};
	rootObject = 150E616023266F4B00AD26CF /* Project object */;
}
